
Microsoft Visual Studio Solution File, Format Version 12.00
# Visual Studio Version 17
VisualStudioVersion = 17.7.34221.43
MinimumVisualStudioVersion = 10.0.40219.1
Project("{FAE04EC0-301F-11D3-BF4B-00C04F79EFBC}") = "AnimalCountingDatabase.Api", "AnimalCountingDatabase.Api\AnimalCountingDatabase.Api.csproj", "{C93A6261-FA97-438B-84B5-577DDD506F1E}"
EndProject
Project("{FAE04EC0-301F-11D3-BF4B-00C04F79EFBC}") = "AnimalCountingDatabase.Tests", "AnimalCountingDatabase.Tests\AnimalCountingDatabase.Tests.csproj", "{CE0D75E5-F4D4-4316-8850-339601A98FE2}"
EndProject
Global
	GlobalSection(SolutionConfigurationPlatforms) = preSolution
		Debug|Any CPU = Debug|Any CPU
		Release|Any CPU = Release|Any CPU
	EndGlobalSection
	GlobalSection(ProjectConfigurationPlatforms) = postSolution
		{C93A6261-FA97-438B-84B5-577DDD506F1E}.Debug|Any CPU.ActiveCfg = Debug|Any CPU
		{C93A6261-FA97-438B-84B5-577DDD506F1E}.Debug|Any CPU.Build.0 = Debug|Any CPU
		{C93A6261-FA97-438B-84B5-577DDD506F1E}.Release|Any CPU.ActiveCfg = Release|Any CPU
		{C93A6261-FA97-438B-84B5-577DDD506F1E}.Release|Any CPU.Build.0 = Release|Any CPU
		{CE0D75E5-F4D4-4316-8850-339601A98FE2}.Debug|Any CPU.ActiveCfg = Debug|Any CPU
		{CE0D75E5-F4D4-4316-8850-339601A98FE2}.Debug|Any CPU.Build.0 = Debug|Any CPU
		{CE0D75E5-F4D4-4316-8850-339601A98FE2}.Release|Any CPU.ActiveCfg = Release|Any CPU
		{CE0D75E5-F4D4-4316-8850-339601A98FE2}.Release|Any CPU.Build.0 = Release|Any CPU
	EndGlobalSection
	GlobalSection(SolutionProperties) = preSolution
		HideSolutionNode = FALSE
	EndGlobalSection
	GlobalSection(ExtensibilityGlobals) = postSolution
		SolutionGuid = {C2EE78D8-56CF-41CD-89AD-A669434E0557}
	EndGlobalSection
EndGlobal
