
Microsoft Visual Studio Solution File, Format Version 12.00
# Visual Studio Version 17
VisualStudioVersion = 17.7.34221.43
MinimumVisualStudioVersion = 10.0.40219.1
Project("{FAE04EC0-301F-11D3-BF4B-00C04F79EFBC}") = "AnimalCountingDatabase.Api", "AnimalCountingDatabase.Api.csproj", "{D6D931F0-5467-4C5B-8A28-59A5E6176216}"
EndProject
Global
	GlobalSection(SolutionConfigurationPlatforms) = preSolution
		Debug|Any CPU = Debug|Any CPU
		Release|Any CPU = Release|Any CPU
	EndGlobalSection
	GlobalSection(ProjectConfigurationPlatforms) = postSolution
		{D6D931F0-5467-4C5B-8A28-59A5E6176216}.Debug|Any CPU.ActiveCfg = Debug|Any CPU
		{D6D931F0-5467-4C5B-8A28-59A5E6176216}.Debug|Any CPU.Build.0 = Debug|Any CPU
		{D6D931F0-5467-4C5B-8A28-59A5E6176216}.Release|Any CPU.ActiveCfg = Release|Any CPU
		{D6D931F0-5467-4C5B-8A28-59A5E6176216}.Release|Any CPU.Build.0 = Release|Any CPU
	EndGlobalSection
	GlobalSection(SolutionProperties) = preSolution
		HideSolutionNode = FALSE
	EndGlobalSection
	GlobalSection(ExtensibilityGlobals) = postSolution
		SolutionGuid = {B5EDEF41-899B-4210-A66D-843F4CE2EA91}
	EndGlobalSection
EndGlobal
